// !$*UTF8*$!
{
	archiveVersion = 1;
	classes = {
	};
	objectVersion = 46;
	objects = {

/* Begin PBXBuildFile section */
		993EBB0D144B66F100A8864D /* M3AccessibilityController.h in Headers */ = {isa = PBXBuildFile; fileRef = 993EBB09144B66F100A8864D /* M3AccessibilityController.h */; settings = {ATTRIBUTES = (Public, ); }; };
		993EBB0E144B66F100A8864D /* M3AccessibilityController.m in Sources */ = {isa = PBXBuildFile; fileRef = 993EBB0A144B66F100A8864D /* M3AccessibilityController.m */; };
		993EBB0F144B66F100A8864D /* M3AccessibleUIElement.h in Headers */ = {isa = PBXBuildFile; fileRef = 993EBB0B144B66F100A8864D /* M3AccessibleUIElement.h */; settings = {ATTRIBUTES = (Public, ); }; };
		993EBB10144B66F100A8864D /* M3AccessibleUIElement.m in Sources */ = {isa = PBXBuildFile; fileRef = 993EBB0C144B66F100A8864D /* M3AccessibleUIElement.m */; };
		99C4B925144AEF5C00FC8A13 /* Cocoa.framework in Frameworks */ = {isa = PBXBuildFile; fileRef = 99C4B924144AEF5C00FC8A13 /* Cocoa.framework */; };
		99C4B92F144AEF5C00FC8A13 /* InfoPlist.strings in Resources */ = {isa = PBXBuildFile; fileRef = 99C4B92D144AEF5C00FC8A13 /* InfoPlist.strings */; };
		99C4B93B144AEF5C00FC8A13 /* SenTestingKit.framework in Frameworks */ = {isa = PBXBuildFile; fileRef = 99C4B93A144AEF5C00FC8A13 /* SenTestingKit.framework */; };
		99C4B93C144AEF5C00FC8A13 /* Cocoa.framework in Frameworks */ = {isa = PBXBuildFile; fileRef = 99C4B924144AEF5C00FC8A13 /* Cocoa.framework */; };
		99C4B93F144AEF5C00FC8A13 /* PossumTest.framework in Frameworks */ = {isa = PBXBuildFile; fileRef = 99C4B921144AEF5C00FC8A13 /* PossumTest.framework */; };
		99C4B945144AEF5C00FC8A13 /* InfoPlist.strings in Resources */ = {isa = PBXBuildFile; fileRef = 99C4B943144AEF5C00FC8A13 /* InfoPlist.strings */; };
		99C4B957144B02BF00FC8A13 /* POSApplication.h in Headers */ = {isa = PBXBuildFile; fileRef = 99C4B955144B02BF00FC8A13 /* POSApplication.h */; settings = {ATTRIBUTES = (Public, ); }; };
		99C4B958144B02BF00FC8A13 /* POSApplication.m in Sources */ = {isa = PBXBuildFile; fileRef = 99C4B956144B02BF00FC8A13 /* POSApplication.m */; };
		99C4B95A144B0B6C00FC8A13 /* POSUIElementProtocol.h in Headers */ = {isa = PBXBuildFile; fileRef = 99C4B959144B0B6C00FC8A13 /* POSUIElementProtocol.h */; settings = {ATTRIBUTES = (Public, ); }; };
		99C4B95D144B0BB100FC8A13 /* POSUIElement.h in Headers */ = {isa = PBXBuildFile; fileRef = 99C4B95B144B0BB100FC8A13 /* POSUIElement.h */; settings = {ATTRIBUTES = (Public, ); }; };
		99C4B95E144B0BB100FC8A13 /* POSUIElement.m in Sources */ = {isa = PBXBuildFile; fileRef = 99C4B95C144B0BB100FC8A13 /* POSUIElement.m */; };
		99C4B965144B0CFF00FC8A13 /* POSTest.h in Headers */ = {isa = PBXBuildFile; fileRef = 99C4B963144B0CFF00FC8A13 /* POSTest.h */; settings = {ATTRIBUTES = (Public, ); }; };
		99C4B966144B0CFF00FC8A13 /* POSTest.m in Sources */ = {isa = PBXBuildFile; fileRef = 99C4B964144B0CFF00FC8A13 /* POSTest.m */; };
		99C4B969144B0D4E00FC8A13 /* POSMenuBar.h in Headers */ = {isa = PBXBuildFile; fileRef = 99C4B967144B0D4E00FC8A13 /* POSMenuBar.h */; settings = {ATTRIBUTES = (Public, ); }; };
		99C4B96A144B0D4E00FC8A13 /* POSMenuBar.m in Sources */ = {isa = PBXBuildFile; fileRef = 99C4B968144B0D4E00FC8A13 /* POSMenuBar.m */; };
		99C4B96D144B0DCC00FC8A13 /* POSMenuBarItem.h in Headers */ = {isa = PBXBuildFile; fileRef = 99C4B96B144B0DCC00FC8A13 /* POSMenuBarItem.h */; settings = {ATTRIBUTES = (Public, ); }; };
		99C4B96E144B0DCC00FC8A13 /* POSMenuBarItem.m in Sources */ = {isa = PBXBuildFile; fileRef = 99C4B96C144B0DCC00FC8A13 /* POSMenuBarItem.m */; };
		99C4B971144B0DD800FC8A13 /* POSMenu.h in Headers */ = {isa = PBXBuildFile; fileRef = 99C4B96F144B0DD800FC8A13 /* POSMenu.h */; settings = {ATTRIBUTES = (Public, ); }; };
		99C4B972144B0DD800FC8A13 /* POSMenu.m in Sources */ = {isa = PBXBuildFile; fileRef = 99C4B970144B0DD800FC8A13 /* POSMenu.m */; };
		99C4B975144B0DEF00FC8A13 /* POSMenuItem.h in Headers */ = {isa = PBXBuildFile; fileRef = 99C4B973144B0DEF00FC8A13 /* POSMenuItem.h */; settings = {ATTRIBUTES = (Public, ); }; };
		99C4B976144B0DEF00FC8A13 /* POSMenuItem.m in Sources */ = {isa = PBXBuildFile; fileRef = 99C4B974144B0DEF00FC8A13 /* POSMenuItem.m */; };
		99C4B979144B0E0500FC8A13 /* POSWindow.h in Headers */ = {isa = PBXBuildFile; fileRef = 99C4B977144B0E0400FC8A13 /* POSWindow.h */; settings = {ATTRIBUTES = (Public, ); }; };
		99C4B97A144B0E0500FC8A13 /* POSWindow.m in Sources */ = {isa = PBXBuildFile; fileRef = 99C4B978144B0E0400FC8A13 /* POSWindow.m */; };
		99C4B97D144B0E1600FC8A13 /* POSControl.h in Headers */ = {isa = PBXBuildFile; fileRef = 99C4B97B144B0E1600FC8A13 /* POSControl.h */; settings = {ATTRIBUTES = (Public, ); }; };
		99C4B97E144B0E1600FC8A13 /* POSControl.m in Sources */ = {isa = PBXBuildFile; fileRef = 99C4B97C144B0E1600FC8A13 /* POSControl.m */; };
		99C4B981144B0E7000FC8A13 /* POSButton.h in Headers */ = {isa = PBXBuildFile; fileRef = 99C4B97F144B0E7000FC8A13 /* POSButton.h */; settings = {ATTRIBUTES = (Public, ); }; };
		99C4B982144B0E7000FC8A13 /* POSButton.m in Sources */ = {isa = PBXBuildFile; fileRef = 99C4B980144B0E7000FC8A13 /* POSButton.m */; };
		99C4B989144B0E8C00FC8A13 /* POSRadioGroup.h in Headers */ = {isa = PBXBuildFile; fileRef = 99C4B987144B0E8C00FC8A13 /* POSRadioGroup.h */; settings = {ATTRIBUTES = (Public, ); }; };
		99C4B98A144B0E8C00FC8A13 /* POSRadioGroup.m in Sources */ = {isa = PBXBuildFile; fileRef = 99C4B988144B0E8C00FC8A13 /* POSRadioGroup.m */; };
		99C4B98D144B0E9700FC8A13 /* POSTextField.h in Headers */ = {isa = PBXBuildFile; fileRef = 99C4B98B144B0E9700FC8A13 /* POSTextField.h */; settings = {ATTRIBUTES = (Public, ); }; };
		99C4B98E144B0E9700FC8A13 /* POSTextField.m in Sources */ = {isa = PBXBuildFile; fileRef = 99C4B98C144B0E9700FC8A13 /* POSTextField.m */; };
		99C4B991144B0EA800FC8A13 /* POSSearchField.h in Headers */ = {isa = PBXBuildFile; fileRef = 99C4B98F144B0EA800FC8A13 /* POSSearchField.h */; settings = {ATTRIBUTES = (Public, ); }; };
		99C4B992144B0EA800FC8A13 /* POSSearchField.m in Sources */ = {isa = PBXBuildFile; fileRef = 99C4B990144B0EA800FC8A13 /* POSSearchField.m */; };
		99C4B995144B0EB800FC8A13 /* POSComboBox.h in Headers */ = {isa = PBXBuildFile; fileRef = 99C4B993144B0EB800FC8A13 /* POSComboBox.h */; settings = {ATTRIBUTES = (Public, ); }; };
		99C4B996144B0EB800FC8A13 /* POSComboBox.m in Sources */ = {isa = PBXBuildFile; fileRef = 99C4B994144B0EB800FC8A13 /* POSComboBox.m */; };
		99C4B999144B0ED100FC8A13 /* POSSlider.h in Headers */ = {isa = PBXBuildFile; fileRef = 99C4B997144B0ED100FC8A13 /* POSSlider.h */; settings = {ATTRIBUTES = (Public, ); }; };
		99C4B99A144B0ED100FC8A13 /* POSSlider.m in Sources */ = {isa = PBXBuildFile; fileRef = 99C4B998144B0ED100FC8A13 /* POSSlider.m */; };
		99C4B99D144B0EF600FC8A13 /* POSTableView.h in Headers */ = {isa = PBXBuildFile; fileRef = 99C4B99B144B0EF600FC8A13 /* POSTableView.h */; settings = {ATTRIBUTES = (Public, ); }; };
		99C4B99E144B0EF600FC8A13 /* POSTableView.m in Sources */ = {isa = PBXBuildFile; fileRef = 99C4B99C144B0EF600FC8A13 /* POSTableView.m */; };
		99C4B9A1144B0F0500FC8A13 /* POSTableViewColumnHeader.h in Headers */ = {isa = PBXBuildFile; fileRef = 99C4B99F144B0F0500FC8A13 /* POSTableViewColumnHeader.h */; settings = {ATTRIBUTES = (Public, ); }; };
		99C4B9A2144B0F0500FC8A13 /* POSTableViewColumnHeader.m in Sources */ = {isa = PBXBuildFile; fileRef = 99C4B9A0144B0F0500FC8A13 /* POSTableViewColumnHeader.m */; };
		99C4B9A5144B0F2700FC8A13 /* POSOutlineView.h in Headers */ = {isa = PBXBuildFile; fileRef = 99C4B9A3144B0F2700FC8A13 /* POSOutlineView.h */; settings = {ATTRIBUTES = (Public, ); }; };
		99C4B9A6144B0F2700FC8A13 /* POSOutlineView.m in Sources */ = {isa = PBXBuildFile; fileRef = 99C4B9A4144B0F2700FC8A13 /* POSOutlineView.m */; };
		99C4B9A9144B0F3C00FC8A13 /* POSOutlineViewRow.h in Headers */ = {isa = PBXBuildFile; fileRef = 99C4B9A7144B0F3C00FC8A13 /* POSOutlineViewRow.h */; settings = {ATTRIBUTES = (Public, ); }; };
		99C4B9AA144B0F3C00FC8A13 /* POSOutlineViewRow.m in Sources */ = {isa = PBXBuildFile; fileRef = 99C4B9A8144B0F3C00FC8A13 /* POSOutlineViewRow.m */; };
		99C4B9AD144B0F5D00FC8A13 /* POSTableViewColumn.h in Headers */ = {isa = PBXBuildFile; fileRef = 99C4B9AB144B0F5C00FC8A13 /* POSTableViewColumn.h */; settings = {ATTRIBUTES = (Public, ); }; };
		99C4B9AE144B0F5D00FC8A13 /* POSTableViewColumn.m in Sources */ = {isa = PBXBuildFile; fileRef = 99C4B9AC144B0F5D00FC8A13 /* POSTableViewColumn.m */; };
		99C4B9B1144B0FA000FC8A13 /* POSTableViewRow.h in Headers */ = {isa = PBXBuildFile; fileRef = 99C4B9AF144B0F9F00FC8A13 /* POSTableViewRow.h */; settings = {ATTRIBUTES = (Public, ); }; };
		99C4B9B2144B0FA000FC8A13 /* POSTableViewRow.m in Sources */ = {isa = PBXBuildFile; fileRef = 99C4B9B0144B0F9F00FC8A13 /* POSTableViewRow.m */; };
		99C4B9B5144B0FB800FC8A13 /* POSToolbar.h in Headers */ = {isa = PBXBuildFile; fileRef = 99C4B9B3144B0FB700FC8A13 /* POSToolbar.h */; settings = {ATTRIBUTES = (Public, ); }; };
		99C4B9B6144B0FB800FC8A13 /* POSToolbar.m in Sources */ = {isa = PBXBuildFile; fileRef = 99C4B9B4144B0FB700FC8A13 /* POSToolbar.m */; };
		99C4B9B9144B0FC400FC8A13 /* POSLevelIndicator.h in Headers */ = {isa = PBXBuildFile; fileRef = 99C4B9B7144B0FC400FC8A13 /* POSLevelIndicator.h */; settings = {ATTRIBUTES = (Public, ); }; };
		99C4B9BA144B0FC400FC8A13 /* POSLevelIndicator.m in Sources */ = {isa = PBXBuildFile; fileRef = 99C4B9B8144B0FC400FC8A13 /* POSLevelIndicator.m */; };
		99C4B9BD144B101C00FC8A13 /* POSProgressIndicator.h in Headers */ = {isa = PBXBuildFile; fileRef = 99C4B9BB144B101C00FC8A13 /* POSProgressIndicator.h */; settings = {ATTRIBUTES = (Public, ); }; };
		99C4B9BE144B101C00FC8A13 /* POSProgressIndicator.m in Sources */ = {isa = PBXBuildFile; fileRef = 99C4B9BC144B101C00FC8A13 /* POSProgressIndicator.m */; };
		99C4B9C1144B102F00FC8A13 /* POSTextArea.h in Headers */ = {isa = PBXBuildFile; fileRef = 99C4B9BF144B102E00FC8A13 /* POSTextArea.h */; settings = {ATTRIBUTES = (Public, ); }; };
		99C4B9C2144B102F00FC8A13 /* POSTextArea.m in Sources */ = {isa = PBXBuildFile; fileRef = 99C4B9C0144B102E00FC8A13 /* POSTextArea.m */; };
		99C4B9C5144B105000FC8A13 /* POSTabView.h in Headers */ = {isa = PBXBuildFile; fileRef = 99C4B9C3144B104F00FC8A13 /* POSTabView.h */; settings = {ATTRIBUTES = (Public, ); }; };
		99C4B9C6144B105000FC8A13 /* POSTabView.m in Sources */ = {isa = PBXBuildFile; fileRef = 99C4B9C4144B104F00FC8A13 /* POSTabView.m */; };
		99C4B9CB144B2FA100FC8A13 /* POSObject.h in Headers */ = {isa = PBXBuildFile; fileRef = 99C4B9C9144B2FA000FC8A13 /* POSObject.h */; settings = {ATTRIBUTES = (Public, ); }; };
		99C4B9CC144B2FA100FC8A13 /* POSObject.m in Sources */ = {isa = PBXBuildFile; fileRef = 99C4B9CA144B2FA100FC8A13 /* POSObject.m */; };
		99C4B9CF144B344300FC8A13 /* POSPopUpButton.h in Headers */ = {isa = PBXBuildFile; fileRef = 99C4B9CD144B344200FC8A13 /* POSPopUpButton.h */; settings = {ATTRIBUTES = (Public, ); }; };
		99C4B9D0144B344300FC8A13 /* POSPopUpButton.m in Sources */ = {isa = PBXBuildFile; fileRef = 99C4B9CE144B344300FC8A13 /* POSPopUpButton.m */; };
		99FEDDCF149D2E610051CF23 /* POSObjectTests.m in Sources */ = {isa = PBXBuildFile; fileRef = 99FEDDCE149D2E610051CF23 /* POSObjectTests.m */; };
		99FEDDE0149D30590051CF23 /* OCMock.framework in Frameworks */ = {isa = PBXBuildFile; fileRef = 99FEDDDF149D30590051CF23 /* OCMock.framework */; };
		99FEDDE2149E1CE00051CF23 /* PossumTest.framework in CopyFiles */ = {isa = PBXBuildFile; fileRef = 99C4B921144AEF5C00FC8A13 /* PossumTest.framework */; };
		99FEDDF2149E1D670051CF23 /* OCMock.framework in CopyFiles */ = {isa = PBXBuildFile; fileRef = 99FEDDDF149D30590051CF23 /* OCMock.framework */; };
		99FEDDF3149E285A0051CF23 /* PossumTest.h in Headers */ = {isa = PBXBuildFile; fileRef = 99C4B931144AEF5C00FC8A13 /* PossumTest.h */; settings = {ATTRIBUTES = (Public, ); }; };
		99FEDDF6149E66CA0051CF23 /* POSUIElementTests.m in Sources */ = {isa = PBXBuildFile; fileRef = 99FEDDF5149E66CA0051CF23 /* POSUIElementTests.m */; };
		99FEDDF9149E67470051CF23 /* POSTestRoot.m in Sources */ = {isa = PBXBuildFile; fileRef = 99FEDDF8149E67470051CF23 /* POSTestRoot.m */; };
		99FEDDFC149FC83B0051CF23 /* M3FakeAccessibleUIElement.m in Sources */ = {isa = PBXBuildFile; fileRef = 99FEDDFB149FC83B0051CF23 /* M3FakeAccessibleUIElement.m */; };
/* End PBXBuildFile section */

/* Begin PBXContainerItemProxy section */
		99C4B93D144AEF5C00FC8A13 /* PBXContainerItemProxy */ = {
			isa = PBXContainerItemProxy;
			containerPortal = 99C4B917144AEF5C00FC8A13 /* Project object */;
			proxyType = 1;
			remoteGlobalIDString = 99C4B920144AEF5C00FC8A13;
			remoteInfo = PossumTest;
		};
/* End PBXContainerItemProxy section */

/* Begin PBXCopyFilesBuildPhase section */
		99FEDDE1149E1CD90051CF23 /* CopyFiles */ = {
			isa = PBXCopyFilesBuildPhase;
			buildActionMask = 2147483647;
			dstPath = "";
			dstSubfolderSpec = 10;
			files = (
				99FEDDE2149E1CE00051CF23 /* PossumTest.framework in CopyFiles */,
				99FEDDF2149E1D670051CF23 /* OCMock.framework in CopyFiles */,
			);
			runOnlyForDeploymentPostprocessing = 0;
		};
/* End PBXCopyFilesBuildPhase section */

/* Begin PBXFileReference section */
		993EBB09144B66F100A8864D /* M3AccessibilityController.h */ = {isa = PBXFileReference; fileEncoding = 4; lastKnownFileType = sourcecode.c.h; path = M3AccessibilityController.h; sourceTree = "<group>"; };
		993EBB0A144B66F100A8864D /* M3AccessibilityController.m */ = {isa = PBXFileReference; fileEncoding = 4; lastKnownFileType = sourcecode.c.objc; path = M3AccessibilityController.m; sourceTree = "<group>"; };
		993EBB0B144B66F100A8864D /* M3AccessibleUIElement.h */ = {isa = PBXFileReference; fileEncoding = 4; lastKnownFileType = sourcecode.c.h; path = M3AccessibleUIElement.h; sourceTree = "<group>"; };
		993EBB0C144B66F100A8864D /* M3AccessibleUIElement.m */ = {isa = PBXFileReference; fileEncoding = 4; lastKnownFileType = sourcecode.c.objc; path = M3AccessibleUIElement.m; sourceTree = "<group>"; };
		99C4B921144AEF5C00FC8A13 /* PossumTest.framework */ = {isa = PBXFileReference; explicitFileType = wrapper.framework; includeInIndex = 0; path = PossumTest.framework; sourceTree = BUILT_PRODUCTS_DIR; };
		99C4B924144AEF5C00FC8A13 /* Cocoa.framework */ = {isa = PBXFileReference; lastKnownFileType = wrapper.framework; name = Cocoa.framework; path = System/Library/Frameworks/Cocoa.framework; sourceTree = SDKROOT; };
		99C4B927144AEF5C00FC8A13 /* AppKit.framework */ = {isa = PBXFileReference; lastKnownFileType = wrapper.framework; name = AppKit.framework; path = System/Library/Frameworks/AppKit.framework; sourceTree = SDKROOT; };
		99C4B928144AEF5C00FC8A13 /* CoreData.framework */ = {isa = PBXFileReference; lastKnownFileType = wrapper.framework; name = CoreData.framework; path = System/Library/Frameworks/CoreData.framework; sourceTree = SDKROOT; };
		99C4B929144AEF5C00FC8A13 /* Foundation.framework */ = {isa = PBXFileReference; lastKnownFileType = wrapper.framework; name = Foundation.framework; path = System/Library/Frameworks/Foundation.framework; sourceTree = SDKROOT; };
		99C4B92C144AEF5C00FC8A13 /* PossumTest-Info.plist */ = {isa = PBXFileReference; lastKnownFileType = text.plist.xml; path = "PossumTest-Info.plist"; sourceTree = "<group>"; };
		99C4B92E144AEF5C00FC8A13 /* en */ = {isa = PBXFileReference; lastKnownFileType = text.plist.strings; name = en; path = en.lproj/InfoPlist.strings; sourceTree = "<group>"; };
		99C4B930144AEF5C00FC8A13 /* PossumTest-Prefix.pch */ = {isa = PBXFileReference; lastKnownFileType = sourcecode.c.h; path = "PossumTest-Prefix.pch"; sourceTree = "<group>"; };
		99C4B931144AEF5C00FC8A13 /* PossumTest.h */ = {isa = PBXFileReference; lastKnownFileType = sourcecode.c.h; path = PossumTest.h; sourceTree = "<group>"; };
		99C4B939144AEF5C00FC8A13 /* PossumTestTests.octest */ = {isa = PBXFileReference; explicitFileType = wrapper.cfbundle; includeInIndex = 0; path = PossumTestTests.octest; sourceTree = BUILT_PRODUCTS_DIR; };
		99C4B93A144AEF5C00FC8A13 /* SenTestingKit.framework */ = {isa = PBXFileReference; lastKnownFileType = wrapper.framework; name = SenTestingKit.framework; path = Library/Frameworks/SenTestingKit.framework; sourceTree = DEVELOPER_DIR; };
		99C4B942144AEF5C00FC8A13 /* PossumTestTests-Info.plist */ = {isa = PBXFileReference; lastKnownFileType = text.plist.xml; path = "PossumTestTests-Info.plist"; sourceTree = "<group>"; };
		99C4B944144AEF5C00FC8A13 /* en */ = {isa = PBXFileReference; lastKnownFileType = text.plist.strings; name = en; path = en.lproj/InfoPlist.strings; sourceTree = "<group>"; };
		99C4B955144B02BF00FC8A13 /* POSApplication.h */ = {isa = PBXFileReference; fileEncoding = 4; lastKnownFileType = sourcecode.c.h; path = POSApplication.h; sourceTree = "<group>"; };
		99C4B956144B02BF00FC8A13 /* POSApplication.m */ = {isa = PBXFileReference; fileEncoding = 4; lastKnownFileType = sourcecode.c.objc; path = POSApplication.m; sourceTree = "<group>"; };
		99C4B959144B0B6C00FC8A13 /* POSUIElementProtocol.h */ = {isa = PBXFileReference; fileEncoding = 4; lastKnownFileType = sourcecode.c.h; path = POSUIElementProtocol.h; sourceTree = "<group>"; };
		99C4B95B144B0BB100FC8A13 /* POSUIElement.h */ = {isa = PBXFileReference; fileEncoding = 4; lastKnownFileType = sourcecode.c.h; path = POSUIElement.h; sourceTree = "<group>"; };
		99C4B95C144B0BB100FC8A13 /* POSUIElement.m */ = {isa = PBXFileReference; fileEncoding = 4; lastKnownFileType = sourcecode.c.objc; path = POSUIElement.m; sourceTree = "<group>"; };
		99C4B963144B0CFF00FC8A13 /* POSTest.h */ = {isa = PBXFileReference; fileEncoding = 4; lastKnownFileType = sourcecode.c.h; path = POSTest.h; sourceTree = "<group>"; };
		99C4B964144B0CFF00FC8A13 /* POSTest.m */ = {isa = PBXFileReference; fileEncoding = 4; lastKnownFileType = sourcecode.c.objc; path = POSTest.m; sourceTree = "<group>"; };
		99C4B967144B0D4E00FC8A13 /* POSMenuBar.h */ = {isa = PBXFileReference; fileEncoding = 4; lastKnownFileType = sourcecode.c.h; path = POSMenuBar.h; sourceTree = "<group>"; };
		99C4B968144B0D4E00FC8A13 /* POSMenuBar.m */ = {isa = PBXFileReference; fileEncoding = 4; lastKnownFileType = sourcecode.c.objc; path = POSMenuBar.m; sourceTree = "<group>"; };
		99C4B96B144B0DCC00FC8A13 /* POSMenuBarItem.h */ = {isa = PBXFileReference; fileEncoding = 4; lastKnownFileType = sourcecode.c.h; path = POSMenuBarItem.h; sourceTree = "<group>"; };
		99C4B96C144B0DCC00FC8A13 /* POSMenuBarItem.m */ = {isa = PBXFileReference; fileEncoding = 4; lastKnownFileType = sourcecode.c.objc; path = POSMenuBarItem.m; sourceTree = "<group>"; };
		99C4B96F144B0DD800FC8A13 /* POSMenu.h */ = {isa = PBXFileReference; fileEncoding = 4; lastKnownFileType = sourcecode.c.h; path = POSMenu.h; sourceTree = "<group>"; };
		99C4B970144B0DD800FC8A13 /* POSMenu.m */ = {isa = PBXFileReference; fileEncoding = 4; lastKnownFileType = sourcecode.c.objc; path = POSMenu.m; sourceTree = "<group>"; };
		99C4B973144B0DEF00FC8A13 /* POSMenuItem.h */ = {isa = PBXFileReference; fileEncoding = 4; lastKnownFileType = sourcecode.c.h; path = POSMenuItem.h; sourceTree = "<group>"; };
		99C4B974144B0DEF00FC8A13 /* POSMenuItem.m */ = {isa = PBXFileReference; fileEncoding = 4; lastKnownFileType = sourcecode.c.objc; path = POSMenuItem.m; sourceTree = "<group>"; };
		99C4B977144B0E0400FC8A13 /* POSWindow.h */ = {isa = PBXFileReference; fileEncoding = 4; lastKnownFileType = sourcecode.c.h; path = POSWindow.h; sourceTree = "<group>"; };
		99C4B978144B0E0400FC8A13 /* POSWindow.m */ = {isa = PBXFileReference; fileEncoding = 4; lastKnownFileType = sourcecode.c.objc; path = POSWindow.m; sourceTree = "<group>"; };
		99C4B97B144B0E1600FC8A13 /* POSControl.h */ = {isa = PBXFileReference; fileEncoding = 4; lastKnownFileType = sourcecode.c.h; path = POSControl.h; sourceTree = "<group>"; };
		99C4B97C144B0E1600FC8A13 /* POSControl.m */ = {isa = PBXFileReference; fileEncoding = 4; lastKnownFileType = sourcecode.c.objc; path = POSControl.m; sourceTree = "<group>"; };
		99C4B97F144B0E7000FC8A13 /* POSButton.h */ = {isa = PBXFileReference; fileEncoding = 4; lastKnownFileType = sourcecode.c.h; path = POSButton.h; sourceTree = "<group>"; };
		99C4B980144B0E7000FC8A13 /* POSButton.m */ = {isa = PBXFileReference; fileEncoding = 4; lastKnownFileType = sourcecode.c.objc; path = POSButton.m; sourceTree = "<group>"; };
		99C4B987144B0E8C00FC8A13 /* POSRadioGroup.h */ = {isa = PBXFileReference; fileEncoding = 4; lastKnownFileType = sourcecode.c.h; path = POSRadioGroup.h; sourceTree = "<group>"; };
		99C4B988144B0E8C00FC8A13 /* POSRadioGroup.m */ = {isa = PBXFileReference; fileEncoding = 4; lastKnownFileType = sourcecode.c.objc; path = POSRadioGroup.m; sourceTree = "<group>"; };
		99C4B98B144B0E9700FC8A13 /* POSTextField.h */ = {isa = PBXFileReference; fileEncoding = 4; lastKnownFileType = sourcecode.c.h; path = POSTextField.h; sourceTree = "<group>"; };
		99C4B98C144B0E9700FC8A13 /* POSTextField.m */ = {isa = PBXFileReference; fileEncoding = 4; lastKnownFileType = sourcecode.c.objc; path = POSTextField.m; sourceTree = "<group>"; };
		99C4B98F144B0EA800FC8A13 /* POSSearchField.h */ = {isa = PBXFileReference; fileEncoding = 4; lastKnownFileType = sourcecode.c.h; path = POSSearchField.h; sourceTree = "<group>"; };
		99C4B990144B0EA800FC8A13 /* POSSearchField.m */ = {isa = PBXFileReference; fileEncoding = 4; lastKnownFileType = sourcecode.c.objc; path = POSSearchField.m; sourceTree = "<group>"; };
		99C4B993144B0EB800FC8A13 /* POSComboBox.h */ = {isa = PBXFileReference; fileEncoding = 4; lastKnownFileType = sourcecode.c.h; path = POSComboBox.h; sourceTree = "<group>"; };
		99C4B994144B0EB800FC8A13 /* POSComboBox.m */ = {isa = PBXFileReference; fileEncoding = 4; lastKnownFileType = sourcecode.c.objc; path = POSComboBox.m; sourceTree = "<group>"; };
		99C4B997144B0ED100FC8A13 /* POSSlider.h */ = {isa = PBXFileReference; fileEncoding = 4; lastKnownFileType = sourcecode.c.h; path = POSSlider.h; sourceTree = "<group>"; };
		99C4B998144B0ED100FC8A13 /* POSSlider.m */ = {isa = PBXFileReference; fileEncoding = 4; lastKnownFileType = sourcecode.c.objc; path = POSSlider.m; sourceTree = "<group>"; };
		99C4B99B144B0EF600FC8A13 /* POSTableView.h */ = {isa = PBXFileReference; fileEncoding = 4; lastKnownFileType = sourcecode.c.h; path = POSTableView.h; sourceTree = "<group>"; };
		99C4B99C144B0EF600FC8A13 /* POSTableView.m */ = {isa = PBXFileReference; fileEncoding = 4; lastKnownFileType = sourcecode.c.objc; path = POSTableView.m; sourceTree = "<group>"; };
		99C4B99F144B0F0500FC8A13 /* POSTableViewColumnHeader.h */ = {isa = PBXFileReference; fileEncoding = 4; lastKnownFileType = sourcecode.c.h; path = POSTableViewColumnHeader.h; sourceTree = "<group>"; };
		99C4B9A0144B0F0500FC8A13 /* POSTableViewColumnHeader.m */ = {isa = PBXFileReference; fileEncoding = 4; lastKnownFileType = sourcecode.c.objc; path = POSTableViewColumnHeader.m; sourceTree = "<group>"; };
		99C4B9A3144B0F2700FC8A13 /* POSOutlineView.h */ = {isa = PBXFileReference; fileEncoding = 4; lastKnownFileType = sourcecode.c.h; path = POSOutlineView.h; sourceTree = "<group>"; };
		99C4B9A4144B0F2700FC8A13 /* POSOutlineView.m */ = {isa = PBXFileReference; fileEncoding = 4; lastKnownFileType = sourcecode.c.objc; path = POSOutlineView.m; sourceTree = "<group>"; };
		99C4B9A7144B0F3C00FC8A13 /* POSOutlineViewRow.h */ = {isa = PBXFileReference; fileEncoding = 4; lastKnownFileType = sourcecode.c.h; path = POSOutlineViewRow.h; sourceTree = "<group>"; };
		99C4B9A8144B0F3C00FC8A13 /* POSOutlineViewRow.m */ = {isa = PBXFileReference; fileEncoding = 4; lastKnownFileType = sourcecode.c.objc; path = POSOutlineViewRow.m; sourceTree = "<group>"; };
		99C4B9AB144B0F5C00FC8A13 /* POSTableViewColumn.h */ = {isa = PBXFileReference; fileEncoding = 4; lastKnownFileType = sourcecode.c.h; path = POSTableViewColumn.h; sourceTree = "<group>"; };
		99C4B9AC144B0F5D00FC8A13 /* POSTableViewColumn.m */ = {isa = PBXFileReference; fileEncoding = 4; lastKnownFileType = sourcecode.c.objc; path = POSTableViewColumn.m; sourceTree = "<group>"; };
		99C4B9AF144B0F9F00FC8A13 /* POSTableViewRow.h */ = {isa = PBXFileReference; fileEncoding = 4; lastKnownFileType = sourcecode.c.h; path = POSTableViewRow.h; sourceTree = "<group>"; };
		99C4B9B0144B0F9F00FC8A13 /* POSTableViewRow.m */ = {isa = PBXFileReference; fileEncoding = 4; lastKnownFileType = sourcecode.c.objc; path = POSTableViewRow.m; sourceTree = "<group>"; };
		99C4B9B3144B0FB700FC8A13 /* POSToolbar.h */ = {isa = PBXFileReference; fileEncoding = 4; lastKnownFileType = sourcecode.c.h; path = POSToolbar.h; sourceTree = "<group>"; };
		99C4B9B4144B0FB700FC8A13 /* POSToolbar.m */ = {isa = PBXFileReference; fileEncoding = 4; lastKnownFileType = sourcecode.c.objc; path = POSToolbar.m; sourceTree = "<group>"; };
		99C4B9B7144B0FC400FC8A13 /* POSLevelIndicator.h */ = {isa = PBXFileReference; fileEncoding = 4; lastKnownFileType = sourcecode.c.h; path = POSLevelIndicator.h; sourceTree = "<group>"; };
		99C4B9B8144B0FC400FC8A13 /* POSLevelIndicator.m */ = {isa = PBXFileReference; fileEncoding = 4; lastKnownFileType = sourcecode.c.objc; path = POSLevelIndicator.m; sourceTree = "<group>"; };
		99C4B9BB144B101C00FC8A13 /* POSProgressIndicator.h */ = {isa = PBXFileReference; fileEncoding = 4; lastKnownFileType = sourcecode.c.h; path = POSProgressIndicator.h; sourceTree = "<group>"; };
		99C4B9BC144B101C00FC8A13 /* POSProgressIndicator.m */ = {isa = PBXFileReference; fileEncoding = 4; lastKnownFileType = sourcecode.c.objc; path = POSProgressIndicator.m; sourceTree = "<group>"; };
		99C4B9BF144B102E00FC8A13 /* POSTextArea.h */ = {isa = PBXFileReference; fileEncoding = 4; lastKnownFileType = sourcecode.c.h; path = POSTextArea.h; sourceTree = "<group>"; };
		99C4B9C0144B102E00FC8A13 /* POSTextArea.m */ = {isa = PBXFileReference; fileEncoding = 4; lastKnownFileType = sourcecode.c.objc; path = POSTextArea.m; sourceTree = "<group>"; };
		99C4B9C3144B104F00FC8A13 /* POSTabView.h */ = {isa = PBXFileReference; fileEncoding = 4; lastKnownFileType = sourcecode.c.h; path = POSTabView.h; sourceTree = "<group>"; };
		99C4B9C4144B104F00FC8A13 /* POSTabView.m */ = {isa = PBXFileReference; fileEncoding = 4; lastKnownFileType = sourcecode.c.objc; path = POSTabView.m; sourceTree = "<group>"; };
		99C4B9C9144B2FA000FC8A13 /* POSObject.h */ = {isa = PBXFileReference; fileEncoding = 4; lastKnownFileType = sourcecode.c.h; path = POSObject.h; sourceTree = "<group>"; };
		99C4B9CA144B2FA100FC8A13 /* POSObject.m */ = {isa = PBXFileReference; fileEncoding = 4; lastKnownFileType = sourcecode.c.objc; path = POSObject.m; sourceTree = "<group>"; };
		99C4B9CD144B344200FC8A13 /* POSPopUpButton.h */ = {isa = PBXFileReference; fileEncoding = 4; lastKnownFileType = sourcecode.c.h; path = POSPopUpButton.h; sourceTree = "<group>"; };
		99C4B9CE144B344300FC8A13 /* POSPopUpButton.m */ = {isa = PBXFileReference; fileEncoding = 4; lastKnownFileType = sourcecode.c.objc; path = POSPopUpButton.m; sourceTree = "<group>"; };
		99FEDDCD149D2E610051CF23 /* POSObjectTests.h */ = {isa = PBXFileReference; fileEncoding = 4; lastKnownFileType = sourcecode.c.h; path = POSObjectTests.h; sourceTree = "<group>"; };
		99FEDDCE149D2E610051CF23 /* POSObjectTests.m */ = {isa = PBXFileReference; fileEncoding = 4; lastKnownFileType = sourcecode.c.objc; path = POSObjectTests.m; sourceTree = "<group>"; };
		99FEDDDF149D30590051CF23 /* OCMock.framework */ = {isa = PBXFileReference; lastKnownFileType = wrapper.framework; path = OCMock.framework; sourceTree = "<group>"; };
		99FEDDF4149E66CA0051CF23 /* POSUIElementTests.h */ = {isa = PBXFileReference; fileEncoding = 4; lastKnownFileType = sourcecode.c.h; path = POSUIElementTests.h; sourceTree = "<group>"; };
		99FEDDF5149E66CA0051CF23 /* POSUIElementTests.m */ = {isa = PBXFileReference; fileEncoding = 4; lastKnownFileType = sourcecode.c.objc; path = POSUIElementTests.m; sourceTree = "<group>"; };
		99FEDDF7149E67470051CF23 /* POSTestRoot.h */ = {isa = PBXFileReference; fileEncoding = 4; lastKnownFileType = sourcecode.c.h; path = POSTestRoot.h; sourceTree = "<group>"; };
		99FEDDF8149E67470051CF23 /* POSTestRoot.m */ = {isa = PBXFileReference; fileEncoding = 4; lastKnownFileType = sourcecode.c.objc; path = POSTestRoot.m; sourceTree = "<group>"; };
		99FEDDFA149FC83B0051CF23 /* M3FakeAccessibleUIElement.h */ = {isa = PBXFileReference; fileEncoding = 4; lastKnownFileType = sourcecode.c.h; path = M3FakeAccessibleUIElement.h; sourceTree = "<group>"; };
		99FEDDFB149FC83B0051CF23 /* M3FakeAccessibleUIElement.m */ = {isa = PBXFileReference; fileEncoding = 4; lastKnownFileType = sourcecode.c.objc; path = M3FakeAccessibleUIElement.m; sourceTree = "<group>"; };
/* End PBXFileReference section */

/* Begin PBXFrameworksBuildPhase section */
		99C4B91D144AEF5C00FC8A13 /* Frameworks */ = {
			isa = PBXFrameworksBuildPhase;
			buildActionMask = 2147483647;
			files = (
				99C4B925144AEF5C00FC8A13 /* Cocoa.framework in Frameworks */,
			);
			runOnlyForDeploymentPostprocessing = 0;
		};
		99C4B935144AEF5C00FC8A13 /* Frameworks */ = {
			isa = PBXFrameworksBuildPhase;
			buildActionMask = 2147483647;
			files = (
				99C4B93B144AEF5C00FC8A13 /* SenTestingKit.framework in Frameworks */,
				99C4B93C144AEF5C00FC8A13 /* Cocoa.framework in Frameworks */,
				99C4B93F144AEF5C00FC8A13 /* PossumTest.framework in Frameworks */,
				99FEDDE0149D30590051CF23 /* OCMock.framework in Frameworks */,
			);
			runOnlyForDeploymentPostprocessing = 0;
		};
/* End PBXFrameworksBuildPhase section */

/* Begin PBXGroup section */
		993EBB12144B66F700A8864D /* M3Accessibility */ = {
			isa = PBXGroup;
			children = (
				993EBB09144B66F100A8864D /* M3AccessibilityController.h */,
				993EBB0A144B66F100A8864D /* M3AccessibilityController.m */,
				993EBB0B144B66F100A8864D /* M3AccessibleUIElement.h */,
				993EBB0C144B66F100A8864D /* M3AccessibleUIElement.m */,
			);
			name = M3Accessibility;
			sourceTree = "<group>";
		};
		99C4B915144AEF5C00FC8A13 = {
			isa = PBXGroup;
			children = (
				99C4B92A144AEF5C00FC8A13 /* PossumTest */,
				99C4B940144AEF5C00FC8A13 /* PossumTestTests */,
				99C4B923144AEF5C00FC8A13 /* Frameworks */,
				99C4B922144AEF5C00FC8A13 /* Products */,
			);
			sourceTree = "<group>";
		};
		99C4B922144AEF5C00FC8A13 /* Products */ = {
			isa = PBXGroup;
			children = (
				99C4B921144AEF5C00FC8A13 /* PossumTest.framework */,
				99C4B939144AEF5C00FC8A13 /* PossumTestTests.octest */,
			);
			name = Products;
			sourceTree = "<group>";
		};
		99C4B923144AEF5C00FC8A13 /* Frameworks */ = {
			isa = PBXGroup;
			children = (
				99C4B924144AEF5C00FC8A13 /* Cocoa.framework */,
				99C4B93A144AEF5C00FC8A13 /* SenTestingKit.framework */,
				99C4B926144AEF5C00FC8A13 /* Other Frameworks */,
			);
			name = Frameworks;
			sourceTree = "<group>";
		};
		99C4B926144AEF5C00FC8A13 /* Other Frameworks */ = {
			isa = PBXGroup;
			children = (
				99C4B927144AEF5C00FC8A13 /* AppKit.framework */,
				99C4B928144AEF5C00FC8A13 /* CoreData.framework */,
				99C4B929144AEF5C00FC8A13 /* Foundation.framework */,
			);
			name = "Other Frameworks";
			sourceTree = "<group>";
		};
		99C4B92A144AEF5C00FC8A13 /* PossumTest */ = {
			isa = PBXGroup;
			children = (
				993EBB12144B66F700A8864D /* M3Accessibility */,
				99C4B931144AEF5C00FC8A13 /* PossumTest.h */,
				99C4B963144B0CFF00FC8A13 /* POSTest.h */,
				99C4B964144B0CFF00FC8A13 /* POSTest.m */,
				99C4B9C9144B2FA000FC8A13 /* POSObject.h */,
				99C4B9CA144B2FA100FC8A13 /* POSObject.m */,
				99C4B955144B02BF00FC8A13 /* POSApplication.h */,
				99C4B956144B02BF00FC8A13 /* POSApplication.m */,
				99C4B959144B0B6C00FC8A13 /* POSUIElementProtocol.h */,
				99C4B95B144B0BB100FC8A13 /* POSUIElement.h */,
				99C4B95C144B0BB100FC8A13 /* POSUIElement.m */,
				99C4B977144B0E0400FC8A13 /* POSWindow.h */,
				99C4B978144B0E0400FC8A13 /* POSWindow.m */,
				99C4B9B3144B0FB700FC8A13 /* POSToolbar.h */,
				99C4B9B4144B0FB700FC8A13 /* POSToolbar.m */,
				99C4B9C8144B107200FC8A13 /* Menus */,
				99C4B9C7144B105900FC8A13 /* Controls */,
				99C4B92B144AEF5C00FC8A13 /* Supporting Files */,
			);
			path = PossumTest;
			sourceTree = "<group>";
		};
		99C4B92B144AEF5C00FC8A13 /* Supporting Files */ = {
			isa = PBXGroup;
			children = (
				99C4B92C144AEF5C00FC8A13 /* PossumTest-Info.plist */,
				99C4B92D144AEF5C00FC8A13 /* InfoPlist.strings */,
				99C4B930144AEF5C00FC8A13 /* PossumTest-Prefix.pch */,
			);
			name = "Supporting Files";
			sourceTree = "<group>";
		};
		99C4B940144AEF5C00FC8A13 /* PossumTestTests */ = {
			isa = PBXGroup;
			children = (
				99C4B941144AEF5C00FC8A13 /* Supporting Files */,
				99FEDDF7149E67470051CF23 /* POSTestRoot.h */,
				99FEDDF8149E67470051CF23 /* POSTestRoot.m */,
				99FEDDCD149D2E610051CF23 /* POSObjectTests.h */,
				99FEDDCE149D2E610051CF23 /* POSObjectTests.m */,
				99FEDDF4149E66CA0051CF23 /* POSUIElementTests.h */,
				99FEDDF5149E66CA0051CF23 /* POSUIElementTests.m */,
			);
			path = PossumTestTests;
			sourceTree = "<group>";
		};
		99C4B941144AEF5C00FC8A13 /* Supporting Files */ = {
			isa = PBXGroup;
			children = (
				99FEDDDF149D30590051CF23 /* OCMock.framework */,
				99C4B942144AEF5C00FC8A13 /* PossumTestTests-Info.plist */,
				99C4B943144AEF5C00FC8A13 /* InfoPlist.strings */,
				99FEDDFA149FC83B0051CF23 /* M3FakeAccessibleUIElement.h */,
				99FEDDFB149FC83B0051CF23 /* M3FakeAccessibleUIElement.m */,
			);
			name = "Supporting Files";
			sourceTree = "<group>";
		};
		99C4B9C7144B105900FC8A13 /* Controls */ = {
			isa = PBXGroup;
			children = (
				99C4B97B144B0E1600FC8A13 /* POSControl.h */,
				99C4B97C144B0E1600FC8A13 /* POSControl.m */,
				99C4B97F144B0E7000FC8A13 /* POSButton.h */,
				99C4B980144B0E7000FC8A13 /* POSButton.m */,
				99C4B987144B0E8C00FC8A13 /* POSRadioGroup.h */,
				99C4B988144B0E8C00FC8A13 /* POSRadioGroup.m */,
				99C4B98B144B0E9700FC8A13 /* POSTextField.h */,
				99C4B98C144B0E9700FC8A13 /* POSTextField.m */,
				99C4B98F144B0EA800FC8A13 /* POSSearchField.h */,
				99C4B990144B0EA800FC8A13 /* POSSearchField.m */,
				99C4B993144B0EB800FC8A13 /* POSComboBox.h */,
				99C4B994144B0EB800FC8A13 /* POSComboBox.m */,
				99C4B9CD144B344200FC8A13 /* POSPopUpButton.h */,
				99C4B9CE144B344300FC8A13 /* POSPopUpButton.m */,
				99C4B997144B0ED100FC8A13 /* POSSlider.h */,
				99C4B998144B0ED100FC8A13 /* POSSlider.m */,
				99C4B99B144B0EF600FC8A13 /* POSTableView.h */,
				99C4B99C144B0EF600FC8A13 /* POSTableView.m */,
				99C4B99F144B0F0500FC8A13 /* POSTableViewColumnHeader.h */,
				99C4B9A0144B0F0500FC8A13 /* POSTableViewColumnHeader.m */,
				99C4B9AB144B0F5C00FC8A13 /* POSTableViewColumn.h */,
				99C4B9AC144B0F5D00FC8A13 /* POSTableViewColumn.m */,
				99C4B9AF144B0F9F00FC8A13 /* POSTableViewRow.h */,
				99C4B9B0144B0F9F00FC8A13 /* POSTableViewRow.m */,
				99C4B9A3144B0F2700FC8A13 /* POSOutlineView.h */,
				99C4B9A4144B0F2700FC8A13 /* POSOutlineView.m */,
				99C4B9A7144B0F3C00FC8A13 /* POSOutlineViewRow.h */,
				99C4B9A8144B0F3C00FC8A13 /* POSOutlineViewRow.m */,
				99C4B9B7144B0FC400FC8A13 /* POSLevelIndicator.h */,
				99C4B9B8144B0FC400FC8A13 /* POSLevelIndicator.m */,
				99C4B9BB144B101C00FC8A13 /* POSProgressIndicator.h */,
				99C4B9BC144B101C00FC8A13 /* POSProgressIndicator.m */,
				99C4B9BF144B102E00FC8A13 /* POSTextArea.h */,
				99C4B9C0144B102E00FC8A13 /* POSTextArea.m */,
				99C4B9C3144B104F00FC8A13 /* POSTabView.h */,
				99C4B9C4144B104F00FC8A13 /* POSTabView.m */,
			);
			name = Controls;
			sourceTree = "<group>";
		};
		99C4B9C8144B107200FC8A13 /* Menus */ = {
			isa = PBXGroup;
			children = (
				99C4B967144B0D4E00FC8A13 /* POSMenuBar.h */,
				99C4B968144B0D4E00FC8A13 /* POSMenuBar.m */,
				99C4B96B144B0DCC00FC8A13 /* POSMenuBarItem.h */,
				99C4B96C144B0DCC00FC8A13 /* POSMenuBarItem.m */,
				99C4B96F144B0DD800FC8A13 /* POSMenu.h */,
				99C4B970144B0DD800FC8A13 /* POSMenu.m */,
				99C4B973144B0DEF00FC8A13 /* POSMenuItem.h */,
				99C4B974144B0DEF00FC8A13 /* POSMenuItem.m */,
			);
			name = Menus;
			sourceTree = "<group>";
		};
/* End PBXGroup section */

/* Begin PBXHeadersBuildPhase section */
		99C4B91E144AEF5C00FC8A13 /* Headers */ = {
			isa = PBXHeadersBuildPhase;
			buildActionMask = 2147483647;
			files = (
				99C4B957144B02BF00FC8A13 /* POSApplication.h in Headers */,
				99C4B95A144B0B6C00FC8A13 /* POSUIElementProtocol.h in Headers */,
				99C4B95D144B0BB100FC8A13 /* POSUIElement.h in Headers */,
				99C4B965144B0CFF00FC8A13 /* POSTest.h in Headers */,
				99C4B969144B0D4E00FC8A13 /* POSMenuBar.h in Headers */,
				99C4B96D144B0DCC00FC8A13 /* POSMenuBarItem.h in Headers */,
				99C4B971144B0DD800FC8A13 /* POSMenu.h in Headers */,
				99C4B975144B0DEF00FC8A13 /* POSMenuItem.h in Headers */,
				99C4B979144B0E0500FC8A13 /* POSWindow.h in Headers */,
				99C4B97D144B0E1600FC8A13 /* POSControl.h in Headers */,
				99C4B981144B0E7000FC8A13 /* POSButton.h in Headers */,
				99C4B989144B0E8C00FC8A13 /* POSRadioGroup.h in Headers */,
				99C4B98D144B0E9700FC8A13 /* POSTextField.h in Headers */,
				99C4B991144B0EA800FC8A13 /* POSSearchField.h in Headers */,
				99C4B995144B0EB800FC8A13 /* POSComboBox.h in Headers */,
				99C4B999144B0ED100FC8A13 /* POSSlider.h in Headers */,
				99C4B99D144B0EF600FC8A13 /* POSTableView.h in Headers */,
				99C4B9A1144B0F0500FC8A13 /* POSTableViewColumnHeader.h in Headers */,
				99C4B9A5144B0F2700FC8A13 /* POSOutlineView.h in Headers */,
				99C4B9A9144B0F3C00FC8A13 /* POSOutlineViewRow.h in Headers */,
				99C4B9AD144B0F5D00FC8A13 /* POSTableViewColumn.h in Headers */,
				99C4B9B1144B0FA000FC8A13 /* POSTableViewRow.h in Headers */,
				99C4B9B5144B0FB800FC8A13 /* POSToolbar.h in Headers */,
				99C4B9B9144B0FC400FC8A13 /* POSLevelIndicator.h in Headers */,
				99C4B9BD144B101C00FC8A13 /* POSProgressIndicator.h in Headers */,
				99C4B9C1144B102F00FC8A13 /* POSTextArea.h in Headers */,
				99C4B9C5144B105000FC8A13 /* POSTabView.h in Headers */,
				99C4B9CB144B2FA100FC8A13 /* POSObject.h in Headers */,
				99C4B9CF144B344300FC8A13 /* POSPopUpButton.h in Headers */,
				993EBB0D144B66F100A8864D /* M3AccessibilityController.h in Headers */,
				993EBB0F144B66F100A8864D /* M3AccessibleUIElement.h in Headers */,
				99FEDDF3149E285A0051CF23 /* PossumTest.h in Headers */,
			);
			runOnlyForDeploymentPostprocessing = 0;
		};
/* End PBXHeadersBuildPhase section */

/* Begin PBXNativeTarget section */
		99C4B920144AEF5C00FC8A13 /* PossumTest */ = {
			isa = PBXNativeTarget;
			buildConfigurationList = 99C4B94B144AEF5C00FC8A13 /* Build configuration list for PBXNativeTarget "PossumTest" */;
			buildPhases = (
				99C4B91C144AEF5C00FC8A13 /* Sources */,
				99C4B91D144AEF5C00FC8A13 /* Frameworks */,
				99C4B91E144AEF5C00FC8A13 /* Headers */,
				99C4B91F144AEF5C00FC8A13 /* Resources */,
			);
			buildRules = (
			);
			dependencies = (
			);
			name = PossumTest;
			productName = PossumTest;
			productReference = 99C4B921144AEF5C00FC8A13 /* PossumTest.framework */;
			productType = "com.apple.product-type.framework";
		};
		99C4B938144AEF5C00FC8A13 /* PossumTestTests */ = {
			isa = PBXNativeTarget;
			buildConfigurationList = 99C4B94E144AEF5C00FC8A13 /* Build configuration list for PBXNativeTarget "PossumTestTests" */;
			buildPhases = (
				99C4B934144AEF5C00FC8A13 /* Sources */,
				99C4B935144AEF5C00FC8A13 /* Frameworks */,
				99C4B936144AEF5C00FC8A13 /* Resources */,
				99C4B937144AEF5C00FC8A13 /* ShellScript */,
				99FEDDE1149E1CD90051CF23 /* CopyFiles */,
			);
			buildRules = (
			);
			dependencies = (
				99C4B93E144AEF5C00FC8A13 /* PBXTargetDependency */,
			);
			name = PossumTestTests;
			productName = PossumTestTests;
			productReference = 99C4B939144AEF5C00FC8A13 /* PossumTestTests.octest */;
			productType = "com.apple.product-type.bundle";
		};
/* End PBXNativeTarget section */

/* Begin PBXProject section */
		99C4B917144AEF5C00FC8A13 /* Project object */ = {
			isa = PBXProject;
			attributes = {
				LastUpgradeCheck = 0420;
				ORGANIZATIONNAME = "M Cubed Software";
			};
			buildConfigurationList = 99C4B91A144AEF5C00FC8A13 /* Build configuration list for PBXProject "PossumTest" */;
			compatibilityVersion = "Xcode 3.2";
			developmentRegion = English;
			hasScannedForEncodings = 0;
			knownRegions = (
				en,
			);
			mainGroup = 99C4B915144AEF5C00FC8A13;
			productRefGroup = 99C4B922144AEF5C00FC8A13 /* Products */;
			projectDirPath = "";
			projectRoot = "";
			targets = (
				99C4B920144AEF5C00FC8A13 /* PossumTest */,
				99C4B938144AEF5C00FC8A13 /* PossumTestTests */,
			);
		};
/* End PBXProject section */

/* Begin PBXResourcesBuildPhase section */
		99C4B91F144AEF5C00FC8A13 /* Resources */ = {
			isa = PBXResourcesBuildPhase;
			buildActionMask = 2147483647;
			files = (
				99C4B92F144AEF5C00FC8A13 /* InfoPlist.strings in Resources */,
			);
			runOnlyForDeploymentPostprocessing = 0;
		};
		99C4B936144AEF5C00FC8A13 /* Resources */ = {
			isa = PBXResourcesBuildPhase;
			buildActionMask = 2147483647;
			files = (
				99C4B945144AEF5C00FC8A13 /* InfoPlist.strings in Resources */,
			);
			runOnlyForDeploymentPostprocessing = 0;
		};
/* End PBXResourcesBuildPhase section */

/* Begin PBXShellScriptBuildPhase section */
		99C4B937144AEF5C00FC8A13 /* ShellScript */ = {
			isa = PBXShellScriptBuildPhase;
			buildActionMask = 2147483647;
			files = (
			);
			inputPaths = (
			);
			outputPaths = (
			);
			runOnlyForDeploymentPostprocessing = 0;
			shellPath = /bin/sh;
			shellScript = "# Run the unit tests in this test bundle.\n\"${SYSTEM_DEVELOPER_DIR}/Tools/RunUnitTests\"\n";
		};
/* End PBXShellScriptBuildPhase section */

/* Begin PBXSourcesBuildPhase section */
		99C4B91C144AEF5C00FC8A13 /* Sources */ = {
			isa = PBXSourcesBuildPhase;
			buildActionMask = 2147483647;
			files = (
				99C4B958144B02BF00FC8A13 /* POSApplication.m in Sources */,
				99C4B95E144B0BB100FC8A13 /* POSUIElement.m in Sources */,
				99C4B966144B0CFF00FC8A13 /* POSTest.m in Sources */,
				99C4B96A144B0D4E00FC8A13 /* POSMenuBar.m in Sources */,
				99C4B96E144B0DCC00FC8A13 /* POSMenuBarItem.m in Sources */,
				99C4B972144B0DD800FC8A13 /* POSMenu.m in Sources */,
				99C4B976144B0DEF00FC8A13 /* POSMenuItem.m in Sources */,
				99C4B97A144B0E0500FC8A13 /* POSWindow.m in Sources */,
				99C4B97E144B0E1600FC8A13 /* POSControl.m in Sources */,
				99C4B982144B0E7000FC8A13 /* POSButton.m in Sources */,
				99C4B98A144B0E8C00FC8A13 /* POSRadioGroup.m in Sources */,
				99C4B98E144B0E9700FC8A13 /* POSTextField.m in Sources */,
				99C4B992144B0EA800FC8A13 /* POSSearchField.m in Sources */,
				99C4B996144B0EB800FC8A13 /* POSComboBox.m in Sources */,
				99C4B99A144B0ED100FC8A13 /* POSSlider.m in Sources */,
				99C4B99E144B0EF600FC8A13 /* POSTableView.m in Sources */,
				99C4B9A2144B0F0500FC8A13 /* POSTableViewColumnHeader.m in Sources */,
				99C4B9A6144B0F2700FC8A13 /* POSOutlineView.m in Sources */,
				99C4B9AA144B0F3C00FC8A13 /* POSOutlineViewRow.m in Sources */,
				99C4B9AE144B0F5D00FC8A13 /* POSTableViewColumn.m in Sources */,
				99C4B9B2144B0FA000FC8A13 /* POSTableViewRow.m in Sources */,
				99C4B9B6144B0FB800FC8A13 /* POSToolbar.m in Sources */,
				99C4B9BA144B0FC400FC8A13 /* POSLevelIndicator.m in Sources */,
				99C4B9BE144B101C00FC8A13 /* POSProgressIndicator.m in Sources */,
				99C4B9C2144B102F00FC8A13 /* POSTextArea.m in Sources */,
				99C4B9C6144B105000FC8A13 /* POSTabView.m in Sources */,
				99C4B9CC144B2FA100FC8A13 /* POSObject.m in Sources */,
				99C4B9D0144B344300FC8A13 /* POSPopUpButton.m in Sources */,
				993EBB0E144B66F100A8864D /* M3AccessibilityController.m in Sources */,
				993EBB10144B66F100A8864D /* M3AccessibleUIElement.m in Sources */,
			);
			runOnlyForDeploymentPostprocessing = 0;
		};
		99C4B934144AEF5C00FC8A13 /* Sources */ = {
			isa = PBXSourcesBuildPhase;
			buildActionMask = 2147483647;
			files = (
				99FEDDCF149D2E610051CF23 /* POSObjectTests.m in Sources */,
				99FEDDF6149E66CA0051CF23 /* POSUIElementTests.m in Sources */,
				99FEDDF9149E67470051CF23 /* POSTestRoot.m in Sources */,
				99FEDDFC149FC83B0051CF23 /* M3FakeAccessibleUIElement.m in Sources */,
			);
			runOnlyForDeploymentPostprocessing = 0;
		};
/* End PBXSourcesBuildPhase section */

/* Begin PBXTargetDependency section */
		99C4B93E144AEF5C00FC8A13 /* PBXTargetDependency */ = {
			isa = PBXTargetDependency;
			target = 99C4B920144AEF5C00FC8A13 /* PossumTest */;
			targetProxy = 99C4B93D144AEF5C00FC8A13 /* PBXContainerItemProxy */;
		};
/* End PBXTargetDependency section */

/* Begin PBXVariantGroup section */
		99C4B92D144AEF5C00FC8A13 /* InfoPlist.strings */ = {
			isa = PBXVariantGroup;
			children = (
				99C4B92E144AEF5C00FC8A13 /* en */,
			);
			name = InfoPlist.strings;
			sourceTree = "<group>";
		};
		99C4B943144AEF5C00FC8A13 /* InfoPlist.strings */ = {
			isa = PBXVariantGroup;
			children = (
				99C4B944144AEF5C00FC8A13 /* en */,
			);
			name = InfoPlist.strings;
			sourceTree = "<group>";
		};
/* End PBXVariantGroup section */

/* Begin XCBuildConfiguration section */
		99C4B949144AEF5C00FC8A13 /* Debug */ = {
			isa = XCBuildConfiguration;
			buildSettings = {
				ALWAYS_SEARCH_USER_PATHS = NO;
				ARCHS = "$(ARCHS_STANDARD_64_BIT)";
				CLANG_ENABLE_OBJC_ARC = YES;
				COPY_PHASE_STRIP = NO;
				GCC_C_LANGUAGE_STANDARD = gnu99;
				GCC_DYNAMIC_NO_PIC = NO;
				GCC_ENABLE_OBJC_EXCEPTIONS = YES;
				GCC_ENABLE_OBJC_GC = unsupported;
				GCC_OPTIMIZATION_LEVEL = 0;
				GCC_PREPROCESSOR_DEFINITIONS = (
					"DEBUG=1",
					"$(inherited)",
				);
				GCC_SYMBOLS_PRIVATE_EXTERN = NO;
				GCC_VERSION = com.apple.compilers.llvm.clang.1_0;
				GCC_WARN_64_TO_32_BIT_CONVERSION = YES;
				GCC_WARN_ABOUT_MISSING_PROTOTYPES = YES;
				GCC_WARN_ABOUT_RETURN_TYPE = YES;
				GCC_WARN_UNUSED_VARIABLE = YES;
				MACOSX_DEPLOYMENT_TARGET = 10.7;
				ONLY_ACTIVE_ARCH = YES;
				SDKROOT = macosx;
				VALID_ARCHS = x86_64;
			};
			name = Debug;
		};
		99C4B94A144AEF5C00FC8A13 /* Release */ = {
			isa = XCBuildConfiguration;
			buildSettings = {
				ALWAYS_SEARCH_USER_PATHS = NO;
				ARCHS = "$(ARCHS_STANDARD_64_BIT)";
				CLANG_ENABLE_OBJC_ARC = YES;
				COPY_PHASE_STRIP = YES;
				DEBUG_INFORMATION_FORMAT = "dwarf-with-dsym";
				GCC_C_LANGUAGE_STANDARD = gnu99;
				GCC_ENABLE_OBJC_EXCEPTIONS = YES;
				GCC_ENABLE_OBJC_GC = unsupported;
				GCC_VERSION = com.apple.compilers.llvm.clang.1_0;
				GCC_WARN_64_TO_32_BIT_CONVERSION = YES;
				GCC_WARN_ABOUT_MISSING_PROTOTYPES = YES;
				GCC_WARN_ABOUT_RETURN_TYPE = YES;
				GCC_WARN_UNUSED_VARIABLE = YES;
				MACOSX_DEPLOYMENT_TARGET = 10.7;
				SDKROOT = macosx;
				VALID_ARCHS = x86_64;
			};
			name = Release;
		};
		99C4B94C144AEF5C00FC8A13 /* Debug */ = {
			isa = XCBuildConfiguration;
			buildSettings = {
				DYLIB_COMPATIBILITY_VERSION = 1;
				DYLIB_CURRENT_VERSION = 1;
				FRAMEWORK_VERSION = A;
				GCC_PRECOMPILE_PREFIX_HEADER = YES;
				GCC_PREFIX_HEADER = "PossumTest/PossumTest-Prefix.pch";
				INFOPLIST_FILE = "PossumTest/PossumTest-Info.plist";
				INSTALL_PATH = "@rpath";
				PRODUCT_NAME = "$(TARGET_NAME)";
				WRAPPER_EXTENSION = framework;
			};
			name = Debug;
		};
		99C4B94D144AEF5C00FC8A13 /* Release */ = {
			isa = XCBuildConfiguration;
			buildSettings = {
				DYLIB_COMPATIBILITY_VERSION = 1;
				DYLIB_CURRENT_VERSION = 1;
				FRAMEWORK_VERSION = A;
				GCC_PRECOMPILE_PREFIX_HEADER = YES;
				GCC_PREFIX_HEADER = "PossumTest/PossumTest-Prefix.pch";
				INFOPLIST_FILE = "PossumTest/PossumTest-Info.plist";
				INSTALL_PATH = "@rpath";
				PRODUCT_NAME = "$(TARGET_NAME)";
				WRAPPER_EXTENSION = framework;
			};
			name = Release;
		};
		99C4B94F144AEF5C00FC8A13 /* Debug */ = {
			isa = XCBuildConfiguration;
			buildSettings = {
				FRAMEWORK_SEARCH_PATHS = (
					"$(BUILT_PRODUCTS_DIR)/**",
					"$(DEVELOPER_LIBRARY_DIR)/Frameworks",
					"\"$(SRCROOT)/PossumTestTests\"",
				);
				GCC_PRECOMPILE_PREFIX_HEADER = YES;
				GCC_PREFIX_HEADER = "PossumTest/PossumTest-Prefix.pch";
				INFOPLIST_FILE = "PossumTestTests/PossumTestTests-Info.plist";
				LD_RUNPATH_SEARCH_PATHS = "@loader_path/../Frameworks";
				PRODUCT_NAME = "$(TARGET_NAME)";
				WRAPPER_EXTENSION = octest;
			};
			name = Debug;
		};
		99C4B950144AEF5C00FC8A13 /* Release */ = {
			isa = XCBuildConfiguration;
			buildSettings = {
				FRAMEWORK_SEARCH_PATHS = (
					"$(BUILT_PRODUCTS_DIR)/**",
					"$(DEVELOPER_LIBRARY_DIR)/Frameworks",
					"\"$(SRCROOT)/PossumTestTests\"",
				);
				GCC_PRECOMPILE_PREFIX_HEADER = YES;
				GCC_PREFIX_HEADER = "PossumTest/PossumTest-Prefix.pch";
				INFOPLIST_FILE = "PossumTestTests/PossumTestTests-Info.plist";
				LD_RUNPATH_SEARCH_PATHS = "@loader_path/../Frameworks";
				PRODUCT_NAME = "$(TARGET_NAME)";
				WRAPPER_EXTENSION = octest;
			};
			name = Release;
		};
/* End XCBuildConfiguration section */

/* Begin XCConfigurationList section */
		99C4B91A144AEF5C00FC8A13 /* Build configuration list for PBXProject "PossumTest" */ = {
			isa = XCConfigurationList;
			buildConfigurations = (
				99C4B949144AEF5C00FC8A13 /* Debug */,
				99C4B94A144AEF5C00FC8A13 /* Release */,
			);
			defaultConfigurationIsVisible = 0;
			defaultConfigurationName = Release;
		};
		99C4B94B144AEF5C00FC8A13 /* Build configuration list for PBXNativeTarget "PossumTest" */ = {
			isa = XCConfigurationList;
			buildConfigurations = (
				99C4B94C144AEF5C00FC8A13 /* Debug */,
				99C4B94D144AEF5C00FC8A13 /* Release */,
			);
			defaultConfigurationIsVisible = 0;
			defaultConfigurationName = Release;
		};
		99C4B94E144AEF5C00FC8A13 /* Build configuration list for PBXNativeTarget "PossumTestTests" */ = {
			isa = XCConfigurationList;
			buildConfigurations = (
				99C4B94F144AEF5C00FC8A13 /* Debug */,
				99C4B950144AEF5C00FC8A13 /* Release */,
			);
			defaultConfigurationIsVisible = 0;
			defaultConfigurationName = Release;
		};
/* End XCConfigurationList section */
	};
	rootObject = 99C4B917144AEF5C00FC8A13 /* Project object */;
}
